// !$*UTF8*$!
{
	archiveVersion = 1;
	classes = {
	};
	objectVersion = 56;
	objects = {

/* Begin PBXBuildFile section */
		AA4CB3092A377F3C0056A57E /* meteoProjectApp.swift in Sources */ = {isa = PBXBuildFile; fileRef = AA4CB3082A377F3C0056A57E /* meteoProjectApp.swift */; };
		AA4CB30B2A377F3C0056A57E /* HomePage.swift in Sources */ = {isa = PBXBuildFile; fileRef = AA4CB30A2A377F3C0056A57E /* HomePage.swift */; };
		AA4CB30D2A377F3C0056A57E /* Assets.xcassets in Resources */ = {isa = PBXBuildFile; fileRef = AA4CB30C2A377F3C0056A57E /* Assets.xcassets */; };
		AA4CB3112A377F3C0056A57E /* Preview Assets.xcassets in Resources */ = {isa = PBXBuildFile; fileRef = AA4CB3102A377F3C0056A57E /* Preview Assets.xcassets */; };
		AA4CB3182A3780390056A57E /* ForecastPage.swift in Sources */ = {isa = PBXBuildFile; fileRef = AA4CB3172A3780390056A57E /* ForecastPage.swift */; };
		AA4CB31A2A3780690056A57E /* City.swift in Sources */ = {isa = PBXBuildFile; fileRef = AA4CB3192A3780690056A57E /* City.swift */; };
		AA4CB3202A37D7760056A57E /* ForecasrRow.swift in Sources */ = {isa = PBXBuildFile; fileRef = AA4CB31F2A37D7760056A57E /* ForecasrRow.swift */; };
		AA4CB3222A38C77C0056A57E /* ProgressBar.swift in Sources */ = {isa = PBXBuildFile; fileRef = AA4CB3212A38C77C0056A57E /* ProgressBar.swift */; };
/* End PBXBuildFile section */

/* Begin PBXFileReference section */
		AA4CB3052A377F3C0056A57E /* meteoProject.app */ = {isa = PBXFileReference; explicitFileType = wrapper.application; includeInIndex = 0; path = meteoProject.app; sourceTree = BUILT_PRODUCTS_DIR; };
		AA4CB3082A377F3C0056A57E /* meteoProjectApp.swift */ = {isa = PBXFileReference; lastKnownFileType = sourcecode.swift; path = meteoProjectApp.swift; sourceTree = "<group>"; };
		AA4CB30A2A377F3C0056A57E /* HomePage.swift */ = {isa = PBXFileReference; lastKnownFileType = sourcecode.swift; path = HomePage.swift; sourceTree = "<group>"; };
		AA4CB30C2A377F3C0056A57E /* Assets.xcassets */ = {isa = PBXFileReference; lastKnownFileType = folder.assetcatalog; path = Assets.xcassets; sourceTree = "<group>"; };
		AA4CB30E2A377F3C0056A57E /* meteoProject.entitlements */ = {isa = PBXFileReference; lastKnownFileType = text.plist.entitlements; path = meteoProject.entitlements; sourceTree = "<group>"; };
		AA4CB3102A377F3C0056A57E /* Preview Assets.xcassets */ = {isa = PBXFileReference; lastKnownFileType = folder.assetcatalog; path = "Preview Assets.xcassets"; sourceTree = "<group>"; };
		AA4CB3172A3780390056A57E /* ForecastPage.swift */ = {isa = PBXFileReference; lastKnownFileType = sourcecode.swift; path = ForecastPage.swift; sourceTree = "<group>"; };
		AA4CB3192A3780690056A57E /* City.swift */ = {isa = PBXFileReference; lastKnownFileType = sourcecode.swift; path = City.swift; sourceTree = "<group>"; };
		AA4CB31F2A37D7760056A57E /* ForecasrRow.swift */ = {isa = PBXFileReference; lastKnownFileType = sourcecode.swift; path = ForecasrRow.swift; sourceTree = "<group>"; };
		AA4CB3212A38C77C0056A57E /* ProgressBar.swift */ = {isa = PBXFileReference; lastKnownFileType = sourcecode.swift; path = ProgressBar.swift; sourceTree = "<group>"; };
/* End PBXFileReference section */

/* Begin PBXFrameworksBuildPhase section */
		AA4CB3022A377F3C0056A57E /* Frameworks */ = {
			isa = PBXFrameworksBuildPhase;
			buildActionMask = 2147483647;
			files = (
			);
			runOnlyForDeploymentPostprocessing = 0;
		};
/* End PBXFrameworksBuildPhase section */

/* Begin PBXGroup section */
		AA4CB2FC2A377F3C0056A57E = {
			isa = PBXGroup;
			children = (
				AA4CB3072A377F3C0056A57E /* meteoProject */,
				AA4CB3062A377F3C0056A57E /* Products */,
			);
			sourceTree = "<group>";
		};
		AA4CB3062A377F3C0056A57E /* Products */ = {
			isa = PBXGroup;
			children = (
				AA4CB3052A377F3C0056A57E /* meteoProject.app */,
			);
			name = Products;
			sourceTree = "<group>";
		};
		AA4CB3072A377F3C0056A57E /* meteoProject */ = {
			isa = PBXGroup;
			children = (
				AA4CB3242A392AE70056A57E /* model */,
				AA4CB3232A392AC70056A57E /* view */,
				AA4CB3082A377F3C0056A57E /* meteoProjectApp.swift */,
				AA4CB30C2A377F3C0056A57E /* Assets.xcassets */,
				AA4CB30E2A377F3C0056A57E /* meteoProject.entitlements */,
				AA4CB30F2A377F3C0056A57E /* Preview Content */,
			);
			path = meteoProject;
			sourceTree = "<group>";
		};
		AA4CB30F2A377F3C0056A57E /* Preview Content */ = {
			isa = PBXGroup;
			children = (
				AA4CB3102A377F3C0056A57E /* Preview Assets.xcassets */,
			);
			path = "Preview Content";
			sourceTree = "<group>";
		};
		AA4CB3232A392AC70056A57E /* view */ = {
			isa = PBXGroup;
			children = (
				AA4CB30A2A377F3C0056A57E /* HomePage.swift */,
				AA4CB31F2A37D7760056A57E /* ForecasrRow.swift */,
				AA4CB3212A38C77C0056A57E /* ProgressBar.swift */,
				AA4CB3172A3780390056A57E /* ForecastPage.swift */,
			);
			path = view;
			sourceTree = "<group>";
		};
		AA4CB3242A392AE70056A57E /* model */ = {
			isa = PBXGroup;
			children = (
				AA4CB3192A3780690056A57E /* City.swift */,
			);
			path = model;
			sourceTree = "<group>";
		};
/* End PBXGroup section */

/* Begin PBXNativeTarget section */
		AA4CB3042A377F3C0056A57E /* meteoProject */ = {
			isa = PBXNativeTarget;
			buildConfigurationList = AA4CB3142A377F3C0056A57E /* Build configuration list for PBXNativeTarget "meteoProject" */;
			buildPhases = (
				AA4CB3012A377F3C0056A57E /* Sources */,
				AA4CB3022A377F3C0056A57E /* Frameworks */,
				AA4CB3032A377F3C0056A57E /* Resources */,
			);
			buildRules = (
			);
			dependencies = (
			);
			name = meteoProject;
			productName = meteoProject;
			productReference = AA4CB3052A377F3C0056A57E /* meteoProject.app */;
			productType = "com.apple.product-type.application";
		};
/* End PBXNativeTarget section */

/* Begin PBXProject section */
		AA4CB2FD2A377F3C0056A57E /* Project object */ = {
			isa = PBXProject;
			attributes = {
				BuildIndependentTargetsInParallel = 1;
				LastSwiftUpdateCheck = 1420;
				LastUpgradeCheck = 1420;
				TargetAttributes = {
					AA4CB3042A377F3C0056A57E = {
						CreatedOnToolsVersion = 14.2;
					};
				};
			};
			buildConfigurationList = AA4CB3002A377F3C0056A57E /* Build configuration list for PBXProject "meteoProject" */;
			compatibilityVersion = "Xcode 14.0";
			developmentRegion = en;
			hasScannedForEncodings = 0;
			knownRegions = (
				en,
				Base,
			);
			mainGroup = AA4CB2FC2A377F3C0056A57E;
			productRefGroup = AA4CB3062A377F3C0056A57E /* Products */;
			projectDirPath = "";
			projectRoot = "";
			targets = (
				AA4CB3042A377F3C0056A57E /* meteoProject */,
			);
		};
/* End PBXProject section */

/* Begin PBXResourcesBuildPhase section */
		AA4CB3032A377F3C0056A57E /* Resources */ = {
			isa = PBXResourcesBuildPhase;
			buildActionMask = 2147483647;
			files = (
				AA4CB3112A377F3C0056A57E /* Preview Assets.xcassets in Resources */,
				AA4CB30D2A377F3C0056A57E /* Assets.xcassets in Resources */,
			);
			runOnlyForDeploymentPostprocessing = 0;
		};
/* End PBXResourcesBuildPhase section */

/* Begin PBXSourcesBuildPhase section */
		AA4CB3012A377F3C0056A57E /* Sources */ = {
			isa = PBXSourcesBuildPhase;
			buildActionMask = 2147483647;
			files = (
				AA4CB30B2A377F3C0056A57E /* HomePage.swift in Sources */,
				AA4CB3092A377F3C0056A57E /* meteoProjectApp.swift in Sources */,
				AA4CB31A2A3780690056A57E /* City.swift in Sources */,
				AA4CB3202A37D7760056A57E /* ForecasrRow.swift in Sources */,
				AA4CB3222A38C77C0056A57E /* ProgressBar.swift in Sources */,
				AA4CB3182A3780390056A57E /* ForecastPage.swift in Sources */,
			);
			runOnlyForDeploymentPostprocessing = 0;
		};
/* End PBXSourcesBuildPhase section */

/* Begin XCBuildConfiguration section */
		AA4CB3122A377F3C0056A57E /* Debug */ = {
			isa = XCBuildConfiguration;
			buildSettings = {
				ALWAYS_SEARCH_USER_PATHS = NO;
				CLANG_ANALYZER_NONNULL = YES;
				CLANG_ANALYZER_NUMBER_OBJECT_CONVERSION = YES_AGGRESSIVE;
				CLANG_CXX_LANGUAGE_STANDARD = "gnu++20";
				CLANG_ENABLE_MODULES = YES;
				CLANG_ENABLE_OBJC_ARC = YES;
				CLANG_ENABLE_OBJC_WEAK = YES;
				CLANG_WARN_BLOCK_CAPTURE_AUTORELEASING = YES;
				CLANG_WARN_BOOL_CONVERSION = YES;
				CLANG_WARN_COMMA = YES;
				CLANG_WARN_CONSTANT_CONVERSION = YES;
				CLANG_WARN_DEPRECATED_OBJC_IMPLEMENTATIONS = YES;
				CLANG_WARN_DIRECT_OBJC_ISA_USAGE = YES_ERROR;
				CLANG_WARN_DOCUMENTATION_COMMENTS = YES;
				CLANG_WARN_EMPTY_BODY = YES;
				CLANG_WARN_ENUM_CONVERSION = YES;
				CLANG_WARN_INFINITE_RECURSION = YES;
				CLANG_WARN_INT_CONVERSION = YES;
				CLANG_WARN_NON_LITERAL_NULL_CONVERSION = YES;
				CLANG_WARN_OBJC_IMPLICIT_RETAIN_SELF = YES;
				CLANG_WARN_OBJC_LITERAL_CONVERSION = YES;
				CLANG_WARN_OBJC_ROOT_CLASS = YES_ERROR;
				CLANG_WARN_QUOTED_INCLUDE_IN_FRAMEWORK_HEADER = YES;
				CLANG_WARN_RANGE_LOOP_ANALYSIS = YES;
				CLANG_WARN_STRICT_PROTOTYPES = YES;
				CLANG_WARN_SUSPICIOUS_MOVE = YES;
				CLANG_WARN_UNGUARDED_AVAILABILITY = YES_AGGRESSIVE;
				CLANG_WARN_UNREACHABLE_CODE = YES;
				CLANG_WARN__DUPLICATE_METHOD_MATCH = YES;
				COPY_PHASE_STRIP = NO;
				DEBUG_INFORMATION_FORMAT = dwarf;
				ENABLE_STRICT_OBJC_MSGSEND = YES;
				ENABLE_TESTABILITY = YES;
				GCC_C_LANGUAGE_STANDARD = gnu11;
				GCC_DYNAMIC_NO_PIC = NO;
				GCC_NO_COMMON_BLOCKS = YES;
				GCC_OPTIMIZATION_LEVEL = 0;
				GCC_PREPROCESSOR_DEFINITIONS = (
					"DEBUG=1",
					"$(inherited)",
				);
				GCC_WARN_64_TO_32_BIT_CONVERSION = YES;
				GCC_WARN_ABOUT_RETURN_TYPE = YES_ERROR;
				GCC_WARN_UNDECLARED_SELECTOR = YES;
				GCC_WARN_UNINITIALIZED_AUTOS = YES_AGGRESSIVE;
				GCC_WARN_UNUSED_FUNCTION = YES;
				GCC_WARN_UNUSED_VARIABLE = YES;
				MTL_ENABLE_DEBUG_INFO = INCLUDE_SOURCE;
				MTL_FAST_MATH = YES;
				ONLY_ACTIVE_ARCH = YES;
				SWIFT_ACTIVE_COMPILATION_CONDITIONS = DEBUG;
				SWIFT_OPTIMIZATION_LEVEL = "-Onone";
			};
			name = Debug;
		};
		AA4CB3132A377F3C0056A57E /* Release */ = {
			isa = XCBuildConfiguration;
			buildSettings = {
				ALWAYS_SEARCH_USER_PATHS = NO;
				CLANG_ANALYZER_NONNULL = YES;
				CLANG_ANALYZER_NUMBER_OBJECT_CONVERSION = YES_AGGRESSIVE;
				CLANG_CXX_LANGUAGE_STANDARD = "gnu++20";
				CLANG_ENABLE_MODULES = YES;
				CLANG_ENABLE_OBJC_ARC = YES;
				CLANG_ENABLE_OBJC_WEAK = YES;
				CLANG_WARN_BLOCK_CAPTURE_AUTORELEASING = YES;
				CLANG_WARN_BOOL_CONVERSION = YES;
				CLANG_WARN_COMMA = YES;
				CLANG_WARN_CONSTANT_CONVERSION = YES;
				CLANG_WARN_DEPRECATED_OBJC_IMPLEMENTATIONS = YES;
				CLANG_WARN_DIRECT_OBJC_ISA_USAGE = YES_ERROR;
				CLANG_WARN_DOCUMENTATION_COMMENTS = YES;
				CLANG_WARN_EMPTY_BODY = YES;
				CLANG_WARN_ENUM_CONVERSION = YES;
				CLANG_WARN_INFINITE_RECURSION = YES;
				CLANG_WARN_INT_CONVERSION = YES;
				CLANG_WARN_NON_LITERAL_NULL_CONVERSION = YES;
				CLANG_WARN_OBJC_IMPLICIT_RETAIN_SELF = YES;
				CLANG_WARN_OBJC_LITERAL_CONVERSION = YES;
				CLANG_WARN_OBJC_ROOT_CLASS = YES_ERROR;
				CLANG_WARN_QUOTED_INCLUDE_IN_FRAMEWORK_HEADER = YES;
				CLANG_WARN_RANGE_LOOP_ANALYSIS = YES;
				CLANG_WARN_STRICT_PROTOTYPES = YES;
				CLANG_WARN_SUSPICIOUS_MOVE = YES;
				CLANG_WARN_UNGUARDED_AVAILABILITY = YES_AGGRESSIVE;
				CLANG_WARN_UNREACHABLE_CODE = YES;
				CLANG_WARN__DUPLICATE_METHOD_MATCH = YES;
				COPY_PHASE_STRIP = NO;
				DEBUG_INFORMATION_FORMAT = "dwarf-with-dsym";
				ENABLE_NS_ASSERTIONS = NO;
				ENABLE_STRICT_OBJC_MSGSEND = YES;
				GCC_C_LANGUAGE_STANDARD = gnu11;
				GCC_NO_COMMON_BLOCKS = YES;
				GCC_WARN_64_TO_32_BIT_CONVERSION = YES;
				GCC_WARN_ABOUT_RETURN_TYPE = YES_ERROR;
				GCC_WARN_UNDECLARED_SELECTOR = YES;
				GCC_WARN_UNINITIALIZED_AUTOS = YES_AGGRESSIVE;
				GCC_WARN_UNUSED_FUNCTION = YES;
				GCC_WARN_UNUSED_VARIABLE = YES;
				MTL_ENABLE_DEBUG_INFO = NO;
				MTL_FAST_MATH = YES;
				SWIFT_COMPILATION_MODE = wholemodule;
				SWIFT_OPTIMIZATION_LEVEL = "-O";
			};
			name = Release;
		};
		AA4CB3152A377F3C0056A57E /* Debug */ = {
			isa = XCBuildConfiguration;
			buildSettings = {
				ASSETCATALOG_COMPILER_APPICON_NAME = AppIcon;
				ASSETCATALOG_COMPILER_GLOBAL_ACCENT_COLOR_NAME = AccentColor;
				CODE_SIGN_ENTITLEMENTS = meteoProject/meteoProject.entitlements;
				CODE_SIGN_STYLE = Automatic;
				CURRENT_PROJECT_VERSION = 1;
				DEVELOPMENT_ASSET_PATHS = "\"meteoProject/Preview Content\"";
				ENABLE_PREVIEWS = YES;
				GENERATE_INFOPLIST_FILE = YES;
				"INFOPLIST_KEY_UIApplicationSceneManifest_Generation[sdk=iphoneos*]" = YES;
				"INFOPLIST_KEY_UIApplicationSceneManifest_Generation[sdk=iphonesimulator*]" = YES;
				"INFOPLIST_KEY_UIApplicationSupportsIndirectInputEvents[sdk=iphoneos*]" = YES;
				"INFOPLIST_KEY_UIApplicationSupportsIndirectInputEvents[sdk=iphonesimulator*]" = YES;
				"INFOPLIST_KEY_UILaunchScreen_Generation[sdk=iphoneos*]" = YES;
				"INFOPLIST_KEY_UILaunchScreen_Generation[sdk=iphonesimulator*]" = YES;
				"INFOPLIST_KEY_UIStatusBarStyle[sdk=iphoneos*]" = UIStatusBarStyleDefault;
				"INFOPLIST_KEY_UIStatusBarStyle[sdk=iphonesimulator*]" = UIStatusBarStyleDefault;
				INFOPLIST_KEY_UISupportedInterfaceOrientations_iPad = "UIInterfaceOrientationPortrait UIInterfaceOrientationPortraitUpsideDown UIInterfaceOrientationLandscapeLeft UIInterfaceOrientationLandscapeRight";
				INFOPLIST_KEY_UISupportedInterfaceOrientations_iPhone = "UIInterfaceOrientationPortrait UIInterfaceOrientationLandscapeLeft UIInterfaceOrientationLandscapeRight";
				IPHONEOS_DEPLOYMENT_TARGET = 16.2;
				LD_RUNPATH_SEARCH_PATHS = "@executable_path/Frameworks";
				"LD_RUNPATH_SEARCH_PATHS[sdk=macosx*]" = "@executable_path/../Frameworks";
				MACOSX_DEPLOYMENT_TARGET = 12.6;
				MARKETING_VERSION = 1.0;
				PRODUCT_BUNDLE_IDENTIFIER = cyril.meteoProject;
				PRODUCT_NAME = "$(TARGET_NAME)";
				SDKROOT = auto;
				SUPPORTED_PLATFORMS = "iphoneos iphonesimulator macosx";
				SWIFT_EMIT_LOC_STRINGS = YES;
				SWIFT_VERSION = 5.0;
				TARGETED_DEVICE_FAMILY = "1,2";
			};
			name = Debug;
		};
		AA4CB3162A377F3C0056A57E /* Release */ = {
			isa = XCBuildConfiguration;
			buildSettings = {
				ASSETCATALOG_COMPILER_APPICON_NAME = AppIcon;
				ASSETCATALOG_COMPILER_GLOBAL_ACCENT_COLOR_NAME = AccentColor;
				CODE_SIGN_ENTITLEMENTS = meteoProject/meteoProject.entitlements;
				CODE_SIGN_STYLE = Automatic;
				CURRENT_PROJECT_VERSION = 1;
				DEVELOPMENT_ASSET_PATHS = "\"meteoProject/Preview Content\"";
				ENABLE_PREVIEWS = YES;
				GENERATE_INFOPLIST_FILE = YES;
				"INFOPLIST_KEY_UIApplicationSceneManifest_Generation[sdk=iphoneos*]" = YES;
				"INFOPLIST_KEY_UIApplicationSceneManifest_Generation[sdk=iphonesimulator*]" = YES;
				"INFOPLIST_KEY_UIApplicationSupportsIndirectInputEvents[sdk=iphoneos*]" = YES;
				"INFOPLIST_KEY_UIApplicationSupportsIndirectInputEvents[sdk=iphonesimulator*]" = YES;
				"INFOPLIST_KEY_UILaunchScreen_Generation[sdk=iphoneos*]" = YES;
				"INFOPLIST_KEY_UILaunchScreen_Generation[sdk=iphonesimulator*]" = YES;
				"INFOPLIST_KEY_UIStatusBarStyle[sdk=iphoneos*]" = UIStatusBarStyleDefault;
				"INFOPLIST_KEY_UIStatusBarStyle[sdk=iphonesimulator*]" = UIStatusBarStyleDefault;
				INFOPLIST_KEY_UISupportedInterfaceOrientations_iPad = "UIInterfaceOrientationPortrait UIInterfaceOrientationPortraitUpsideDown UIInterfaceOrientationLandscapeLeft UIInterfaceOrientationLandscapeRight";
				INFOPLIST_KEY_UISupportedInterfaceOrientations_iPhone = "UIInterfaceOrientationPortrait UIInterfaceOrientationLandscapeLeft UIInterfaceOrientationLandscapeRight";
				IPHONEOS_DEPLOYMENT_TARGET = 16.2;
				LD_RUNPATH_SEARCH_PATHS = "@executable_path/Frameworks";
				"LD_RUNPATH_SEARCH_PATHS[sdk=macosx*]" = "@executable_path/../Frameworks";
				MACOSX_DEPLOYMENT_TARGET = 12.6;
				MARKETING_VERSION = 1.0;
				PRODUCT_BUNDLE_IDENTIFIER = cyril.meteoProject;
				PRODUCT_NAME = "$(TARGET_NAME)";
				SDKROOT = auto;
				SUPPORTED_PLATFORMS = "iphoneos iphonesimulator macosx";
				SWIFT_EMIT_LOC_STRINGS = YES;
				SWIFT_VERSION = 5.0;
				TARGETED_DEVICE_FAMILY = "1,2";
			};
			name = Release;
		};
/* End XCBuildConfiguration section */

/* Begin XCConfigurationList section */
		AA4CB3002A377F3C0056A57E /* Build configuration list for PBXProject "meteoProject" */ = {
			isa = XCConfigurationList;
			buildConfigurations = (
				AA4CB3122A377F3C0056A57E /* Debug */,
				AA4CB3132A377F3C0056A57E /* Release */,
			);
			defaultConfigurationIsVisible = 0;
			defaultConfigurationName = Release;
		};
		AA4CB3142A377F3C0056A57E /* Build configuration list for PBXNativeTarget "meteoProject" */ = {
			isa = XCConfigurationList;
			buildConfigurations = (
				AA4CB3152A377F3C0056A57E /* Debug */,
				AA4CB3162A377F3C0056A57E /* Release */,
			);
			defaultConfigurationIsVisible = 0;
			defaultConfigurationName = Release;
		};
/* End XCConfigurationList section */
	};
	rootObject = AA4CB2FD2A377F3C0056A57E /* Project object */;
}
